
Microsoft Visual Studio Solution File, Format Version 12.00
# Visual Studio Version 17
VisualStudioVersion = 17.0.31903.59
MinimumVisualStudioVersion = 10.0.40219.1
Project("{2150E333-8FDC-42A3-9474-1A3956D46DE8}") = "src", "src", "{2206F505-70E9-4395-B9D8-300A23BDE2D9}"
EndProject
Project("{FAE04EC0-301F-11D3-BF4B-00C04F79EFBC}") = "Sincera.Policies.Domain", "src\Sincera.Policies.Domain\Sincera.Policies.Domain.csproj", "{8E81F8AD-1B6F-43F0-A526-D5521F6C0069}"
EndProject
Project("{FAE04EC0-301F-11D3-BF4B-00C04F79EFBC}") = "Sincera.Policies.Application", "src\Sincera.Policies.Application\Sincera.Policies.Application.csproj", "{CF87AD0B-C857-4732-B90C-5F7093B2BF4A}"
EndProject
Project("{FAE04EC0-301F-11D3-BF4B-00C04F79EFBC}") = "Sincera.Policies.Infrastructure", "src\Sincera.Policies.Infrastructure\Sincera.Policies.Infrastructure.csproj", "{E106EF92-2EAE-46E7-A542-2AC06863D315}"
EndProject
Project("{FAE04EC0-301F-11D3-BF4B-00C04F79EFBC}") = "Sincera.Policies.Api", "src\Sincera.Policies.Api\Sincera.Policies.Api.csproj", "{CAA212D7-E8B9-4773-8097-B22F5614B4D6}"
EndProject
Project("{2150E333-8FDC-42A3-9474-1A3956D46DE8}") = "tests", "tests", "{A7BA75F8-0697-413F-9BC7-365FE7F49407}"
EndProject
Project("{FAE04EC0-301F-11D3-BF4B-00C04F79EFBC}") = "Sincera.Policies.Domain.UnitTests", "tests\Sincera.Policies.Domain.UnitTests\Sincera.Policies.Domain.UnitTests.csproj", "{DAD7CD54-0F7B-47F9-B20C-FD0F1127B701}"
EndProject
Project("{FAE04EC0-301F-11D3-BF4B-00C04F79EFBC}") = "Sincera.Policies.Application.UnitTests", "tests\Sincera.Policies.Application.UnitTests\Sincera.Policies.Application.UnitTests.csproj", "{828412B0-A11C-4D9C-A613-2FFBAAD9635B}"
EndProject
Project("{FAE04EC0-301F-11D3-BF4B-00C04F79EFBC}") = "Sincera.Policies.Api.IntegrationTests", "tests\Sincera.Policies.Api.IntegrationTests\Sincera.Policies.Api.IntegrationTests.csproj", "{CF20D232-291C-4EAB-B472-45286D190ACF}"
EndProject
Global
	GlobalSection(SolutionConfigurationPlatforms) = preSolution
		Debug|Any CPU = Debug|Any CPU
		Release|Any CPU = Release|Any CPU
	EndGlobalSection
	GlobalSection(SolutionProperties) = preSolution
		HideSolutionNode = FALSE
	EndGlobalSection
	GlobalSection(ProjectConfigurationPlatforms) = postSolution
		{8E81F8AD-1B6F-43F0-A526-D5521F6C0069}.Debug|Any CPU.ActiveCfg = Debug|Any CPU
		{8E81F8AD-1B6F-43F0-A526-D5521F6C0069}.Debug|Any CPU.Build.0 = Debug|Any CPU
		{8E81F8AD-1B6F-43F0-A526-D5521F6C0069}.Release|Any CPU.ActiveCfg = Release|Any CPU
		{8E81F8AD-1B6F-43F0-A526-D5521F6C0069}.Release|Any CPU.Build.0 = Release|Any CPU
		{CF87AD0B-C857-4732-B90C-5F7093B2BF4A}.Debug|Any CPU.ActiveCfg = Debug|Any CPU
		{CF87AD0B-C857-4732-B90C-5F7093B2BF4A}.Debug|Any CPU.Build.0 = Debug|Any CPU
		{CF87AD0B-C857-4732-B90C-5F7093B2BF4A}.Release|Any CPU.ActiveCfg = Release|Any CPU
		{CF87AD0B-C857-4732-B90C-5F7093B2BF4A}.Release|Any CPU.Build.0 = Release|Any CPU
		{E106EF92-2EAE-46E7-A542-2AC06863D315}.Debug|Any CPU.ActiveCfg = Debug|Any CPU
		{E106EF92-2EAE-46E7-A542-2AC06863D315}.Debug|Any CPU.Build.0 = Debug|Any CPU
		{E106EF92-2EAE-46E7-A542-2AC06863D315}.Release|Any CPU.ActiveCfg = Release|Any CPU
		{E106EF92-2EAE-46E7-A542-2AC06863D315}.Release|Any CPU.Build.0 = Release|Any CPU
		{CAA212D7-E8B9-4773-8097-B22F5614B4D6}.Debug|Any CPU.ActiveCfg = Debug|Any CPU
		{CAA212D7-E8B9-4773-8097-B22F5614B4D6}.Debug|Any CPU.Build.0 = Debug|Any CPU
		{CAA212D7-E8B9-4773-8097-B22F5614B4D6}.Release|Any CPU.ActiveCfg = Release|Any CPU
		{CAA212D7-E8B9-4773-8097-B22F5614B4D6}.Release|Any CPU.Build.0 = Release|Any CPU
		{DAD7CD54-0F7B-47F9-B20C-FD0F1127B701}.Debug|Any CPU.ActiveCfg = Debug|Any CPU
		{DAD7CD54-0F7B-47F9-B20C-FD0F1127B701}.Debug|Any CPU.Build.0 = Debug|Any CPU
		{DAD7CD54-0F7B-47F9-B20C-FD0F1127B701}.Release|Any CPU.ActiveCfg = Release|Any CPU
		{DAD7CD54-0F7B-47F9-B20C-FD0F1127B701}.Release|Any CPU.Build.0 = Release|Any CPU
		{828412B0-A11C-4D9C-A613-2FFBAAD9635B}.Debug|Any CPU.ActiveCfg = Debug|Any CPU
		{828412B0-A11C-4D9C-A613-2FFBAAD9635B}.Debug|Any CPU.Build.0 = Debug|Any CPU
		{828412B0-A11C-4D9C-A613-2FFBAAD9635B}.Release|Any CPU.ActiveCfg = Release|Any CPU
		{828412B0-A11C-4D9C-A613-2FFBAAD9635B}.Release|Any CPU.Build.0 = Release|Any CPU
		{CF20D232-291C-4EAB-B472-45286D190ACF}.Debug|Any CPU.ActiveCfg = Debug|Any CPU
		{CF20D232-291C-4EAB-B472-45286D190ACF}.Debug|Any CPU.Build.0 = Debug|Any CPU
		{CF20D232-291C-4EAB-B472-45286D190ACF}.Release|Any CPU.ActiveCfg = Release|Any CPU
		{CF20D232-291C-4EAB-B472-45286D190ACF}.Release|Any CPU.Build.0 = Release|Any CPU
	EndGlobalSection
	GlobalSection(NestedProjects) = preSolution
		{8E81F8AD-1B6F-43F0-A526-D5521F6C0069} = {2206F505-70E9-4395-B9D8-300A23BDE2D9}
		{CF87AD0B-C857-4732-B90C-5F7093B2BF4A} = {2206F505-70E9-4395-B9D8-300A23BDE2D9}
		{E106EF92-2EAE-46E7-A542-2AC06863D315} = {2206F505-70E9-4395-B9D8-300A23BDE2D9}
		{CAA212D7-E8B9-4773-8097-B22F5614B4D6} = {2206F505-70E9-4395-B9D8-300A23BDE2D9}
		{DAD7CD54-0F7B-47F9-B20C-FD0F1127B701} = {A7BA75F8-0697-413F-9BC7-365FE7F49407}
		{828412B0-A11C-4D9C-A613-2FFBAAD9635B} = {A7BA75F8-0697-413F-9BC7-365FE7F49407}
		{CF20D232-291C-4EAB-B472-45286D190ACF} = {A7BA75F8-0697-413F-9BC7-365FE7F49407}
	EndGlobalSection
EndGlobal
